{
  "name": "with-npm",
  "lockfileVersion": 2,
  "requires": true,
  "packages": {
    "": {
      "workspaces": [
        "apps/*",
        "packages/*"
      ]
    },
    "node_modules/@types/prop-types": {
      "version": "15.7.5",
      "resolved": "https://registry.npmjs.org/@types/prop-types/-/prop-types-15.7.5.tgz",
      "integrity": "sha512-JCB8C6SnDoQf0cNycqd/35A7MjcnK+ZTqE7judS6o7utxUCg6imJg3QK2qzHKszlTjcj2cn+NwMB2i96ubpj7w=="
    },
    "node_modules/@types/react-dom": {
      "version": "17.0.19",
      "resolved": "https://registry.npmjs.org/@types/react-dom/-/react-dom-17.0.19.tgz",
      "integrity": "sha512-PiYG40pnQRdPHnlf7tZnp0aQ6q9tspYr72vD61saO6zFCybLfMqwUCN0va1/P+86DXn18ZWeW30Bk7xlC5eEAQ==",
      "dependencies": {
        "@types/react": "^17"
      }
    },
    "node_modules/@types/react-dom/node_modules/@types/react": {
      "version": "17.0.55",
      "resolved": "https://registry.npmjs.org/@types/react/-/react-17.0.55.tgz",
      "integrity": "sha512-kBcAhmT8RivFDYxHdy8QfPKu+WyfiiGjdPb9pIRtd6tj05j0zRHq5DBGW5Ogxv5cwSKd93BVgUk/HZ4I9p3zNg==",
      "dependencies": {
        "@types/prop-types": "*",
        "@types/scheduler": "*",
        "csstype": "^3.0.2"
      }
    },
    "node_modules/@types/scheduler": {
      "version": "0.16.3",
      "resolved": "https://registry.npmjs.org/@types/scheduler/-/scheduler-0.16.3.tgz",
      "integrity": "sha512-5cJ8CB4yAx7BH1oMvdU0Jh9lrEXyPkar6F9G/ERswkCuvP4KQZfZkSjcMbAICCpQTN4OuZn8tz0HiKv9TGZgrQ=="
    },
    "node_modules/a": {
      "resolved": "packages/a",
      "link": true
    },
    "node_modules/b": {
      "resolved": "packages/b",
      "link": true
    },
    "node_modules/csstype": {
      "version": "3.1.1",
      "resolved": "https://registry.npmjs.org/csstype/-/csstype-3.1.1.tgz",
      "integrity": "sha512-DJR/VvkAvSZW9bTouZue2sSxDwdTN92uHjqeKVm+0dAqdfNykRzQ95tay8aXMBAAPpUiq4Qcug2L7neoRh2Egw=="
    },
    "packages/a": {
      "version": "1.0.0",
      "dependencies": {
        "@types/react-dom": "^17.0.19"
      }
    },
    "packages/b": {
      "version": "1.0.0",
      "dependencies": {
        "@types/react-dom": "^17.0.19"
      }
    }
  },
  "dependencies": {
    "@types/prop-types": {
      "version": "15.7.5",
      "resolved": "https://registry.npmjs.org/@types/prop-types/-/prop-types-15.7.5.tgz",
      "integrity": "sha512-JCB8C6SnDoQf0cNycqd/35A7MjcnK+ZTqE7judS6o7utxUCg6imJg3QK2qzHKszlTjcj2cn+NwMB2i96ubpj7w=="
    },
    "@types/react-dom": {
      "version": "17.0.19",
      "resolved": "https://registry.npmjs.org/@types/react-dom/-/react-dom-17.0.19.tgz",
      "integrity": "sha512-PiYG40pnQRdPHnlf7tZnp0aQ6q9tspYr72vD61saO6zFCybLfMqwUCN0va1/P+86DXn18ZWeW30Bk7xlC5eEAQ==",
      "requires": {
        "@types/react": "^17"
      },
      "dependencies": {
        "@types/react": {
          "version": "17.0.55",
          "resolved": "https://registry.npmjs.org/@types/react/-/react-17.0.55.tgz",
          "integrity": "sha512-kBcAhmT8RivFDYxHdy8QfPKu+WyfiiGjdPb9pIRtd6tj05j0zRHq5DBGW5Ogxv5cwSKd93BVgUk/HZ4I9p3zNg==",
          "requires": {
            "@types/prop-types": "*",
            "@types/scheduler": "*",
            "csstype": "^3.0.2"
          }
        }
      }
    },
    "@types/scheduler": {
      "version": "0.16.3",
      "resolved": "https://registry.npmjs.org/@types/scheduler/-/scheduler-0.16.3.tgz",
      "integrity": "sha512-5cJ8CB4yAx7BH1oMvdU0Jh9lrEXyPkar6F9G/ERswkCuvP4KQZfZkSjcMbAICCpQTN4OuZn8tz0HiKv9TGZgrQ=="
    },
    "a": {
      "version": "file:packages/a",
      "requires": {
        "@types/react-dom": "17.0.19"
      }
    },
    "b": {
      "version": "file:packages/b",
      "requires": {
        "@types/react-dom": "^17.0.19"
      }
    },
    "csstype": {
      "version": "3.1.1",
      "resolved": "https://registry.npmjs.org/csstype/-/csstype-3.1.1.tgz",
      "integrity": "sha512-DJR/VvkAvSZW9bTouZue2sSxDwdTN92uHjqeKVm+0dAqdfNykRzQ95tay8aXMBAAPpUiq4Qcug2L7neoRh2Egw=="
    }
  }
}
